
Microsoft Visual Studio Solution File, Format Version 12.00
# Visual Studio Version 17
VisualStudioVersion = 17.4.33403.182
MinimumVisualStudioVersion = 10.0.40219.1
Project("{FAE04EC0-301F-11D3-BF4B-00C04F79EFBC}") = "TestApi", "TestApi\TestApi.csproj", "{02504927-753E-4489-8A61-9B598F71FF3B}"
EndProject
Global
	GlobalSection(SolutionConfigurationPlatforms) = preSolution
		Debug|Any CPU = Debug|Any CPU
		Release|Any CPU = Release|Any CPU
	EndGlobalSection
	GlobalSection(ProjectConfigurationPlatforms) = postSolution
		{02504927-753E-4489-8A61-9B598F71FF3B}.Debug|Any CPU.ActiveCfg = Debug|Any CPU
		{02504927-753E-4489-8A61-9B598F71FF3B}.Debug|Any CPU.Build.0 = Debug|Any CPU
		{02504927-753E-4489-8A61-9B598F71FF3B}.Release|Any CPU.ActiveCfg = Release|Any CPU
		{02504927-753E-4489-8A61-9B598F71FF3B}.Release|Any CPU.Build.0 = Release|Any CPU
	EndGlobalSection
	GlobalSection(SolutionProperties) = preSolution
		HideSolutionNode = FALSE
	EndGlobalSection
	GlobalSection(ExtensibilityGlobals) = postSolution
		SolutionGuid = {EAEC87EE-CECF-42AC-9BA4-BDB214F50824}
	EndGlobalSection
EndGlobal
